
Microsoft Visual Studio Solution File, Format Version 12.00
Project("{FAE04EC0-301F-11D3-BF4B-00C04F79EFBC}") = "FromEmptyToMVC", "FromEmptyToMVC\FromEmptyToMVC.csproj", "{383AE0E0-AF47-4A2E-8C66-F6AE8BAB8AEF}"
EndProject
Global
	GlobalSection(SolutionConfigurationPlatforms) = preSolution
		Debug|Any CPU = Debug|Any CPU
		Release|Any CPU = Release|Any CPU
	EndGlobalSection
	GlobalSection(ProjectConfigurationPlatforms) = postSolution
		{383AE0E0-AF47-4A2E-8C66-F6AE8BAB8AEF}.Debug|Any CPU.ActiveCfg = Debug|Any CPU
		{383AE0E0-AF47-4A2E-8C66-F6AE8BAB8AEF}.Debug|Any CPU.Build.0 = Debug|Any CPU
		{383AE0E0-AF47-4A2E-8C66-F6AE8BAB8AEF}.Release|Any CPU.ActiveCfg = Release|Any CPU
		{383AE0E0-AF47-4A2E-8C66-F6AE8BAB8AEF}.Release|Any CPU.Build.0 = Release|Any CPU
	EndGlobalSection
EndGlobal
